
Microsoft Visual Studio Solution File, Format Version 12.00
# Visual Studio Version 17
VisualStudioVersion = 17.4.33205.214
MinimumVisualStudioVersion = 10.0.40219.1
Project("{FAE04EC0-301F-11D3-BF4B-00C04F79EFBC}") = "CalculatorTask", "CalculatorTask\CalculatorTask.csproj", "{83702410-C7DE-474B-BF7B-8894FDC9C3BA}"
EndProject
Global
	GlobalSection(SolutionConfigurationPlatforms) = preSolution
		Debug|Any CPU = Debug|Any CPU
		Release|Any CPU = Release|Any CPU
	EndGlobalSection
	GlobalSection(ProjectConfigurationPlatforms) = postSolution
		{83702410-C7DE-474B-BF7B-8894FDC9C3BA}.Debug|Any CPU.ActiveCfg = Debug|Any CPU
		{83702410-C7DE-474B-BF7B-8894FDC9C3BA}.Debug|Any CPU.Build.0 = Debug|Any CPU
		{83702410-C7DE-474B-BF7B-8894FDC9C3BA}.Release|Any CPU.ActiveCfg = Release|Any CPU
		{83702410-C7DE-474B-BF7B-8894FDC9C3BA}.Release|Any CPU.Build.0 = Release|Any CPU
	EndGlobalSection
	GlobalSection(SolutionProperties) = preSolution
		HideSolutionNode = FALSE
	EndGlobalSection
	GlobalSection(ExtensibilityGlobals) = postSolution
		SolutionGuid = {DA81E69F-D1D0-4DDB-8B7D-82CBC90EC047}
	EndGlobalSection
EndGlobal
